
Microsoft Visual Studio Solution File, Format Version 12.00
# Visual Studio Version 16
VisualStudioVersion = 16.0.30011.22
MinimumVisualStudioVersion = 15.0.26124.0
Project("{2150E333-8FDC-42A3-9474-1A3956D46DE8}") = "src", "src", "{0EBE08BF-6E4D-4933-9A90-D589F2EEC037}"
EndProject
Project("{2150E333-8FDC-42A3-9474-1A3956D46DE8}") = "core", "core", "{A30DFB17-5586-4F5D-A387-09E48655B727}"
EndProject
Project("{9A19103F-16F7-4668-BE54-9A1E7A4F7556}") = "Cnd.Core.Common", "src\core\Cnd.Core.Common\Cnd.Core.Common.csproj", "{823D9A04-1A12-415D-98A9-E341A813023F}"
EndProject
Project("{2150E333-8FDC-42A3-9474-1A3956D46DE8}") = "SolutionItems", "SolutionItems", "{44E16328-C48C-4F6F-8B9B-79FA0E484CA1}"
	ProjectSection(SolutionItems) = preProject
		.editorconfig = .editorconfig
	EndProjectSection
EndProject
Project("{2150E333-8FDC-42A3-9474-1A3956D46DE8}") = "Build", "Build", "{AC09A7F5-8D0B-4A64-9644-DB56F6CD22C0}"
	ProjectSection(SolutionItems) = preProject
		SolutionItems\Build\common.props = SolutionItems\Build\common.props
		SolutionItems\Build\dependencies.props = SolutionItems\Build\dependencies.props
		SolutionItems\Build\version.props = SolutionItems\Build\version.props
	EndProjectSection
EndProject
Project("{2150E333-8FDC-42A3-9474-1A3956D46DE8}") = "App-keys", "App-keys", "{F8410D8E-BE10-4E35-8833-0993F77EA1F9}"
	ProjectSection(SolutionItems) = preProject
		SolutionItems\App-Keys\key-89ecffb6-6aae-44b2-a3ea-08974dc5acad.xml = SolutionItems\App-Keys\key-89ecffb6-6aae-44b2-a3ea-08974dc5acad.xml
	EndProjectSection
EndProject
Project("{2150E333-8FDC-42A3-9474-1A3956D46DE8}") = "cache", "cache", "{558D6CF8-62E5-423F-B0D5-EF404D82BEAD}"
EndProject
Project("{9A19103F-16F7-4668-BE54-9A1E7A4F7556}") = "Cnd.Cache.InMemory", "src\cache\Cnd.Cache.InMemory\Cnd.Cache.InMemory.csproj", "{7F32F579-47B8-48FD-A1B9-64F22CE13BCF}"
EndProject
Project("{9A19103F-16F7-4668-BE54-9A1E7A4F7556}") = "Cnd.Cache.Abstractions", "src\cache\Cnd.Cache.Abstractions\Cnd.Cache.Abstractions.csproj", "{C1B2B3F2-EB53-41D4-942E-5A7EA19D4C45}"
EndProject
Project("{2150E333-8FDC-42A3-9474-1A3956D46DE8}") = "sandbox", "sandbox", "{4EB23504-0385-4D71-961C-9389CBB05236}"
EndProject
Project("{2150E333-8FDC-42A3-9474-1A3956D46DE8}") = "mvc", "mvc", "{DF56C7DB-E8E3-453A-929E-689E0893B2EC}"
EndProject
Project("{9A19103F-16F7-4668-BE54-9A1E7A4F7556}") = "Cnd.Sandbox.Mvc.Playground", "sandbox\mvc\Cnd.Sandbox.Mvc.Playground\Cnd.Sandbox.Mvc.Playground.csproj", "{4A637596-3CE4-4F68-BB66-06B644B26436}"
EndProject
Project("{9A19103F-16F7-4668-BE54-9A1E7A4F7556}") = "Cnd.Cache.Redis", "src\cache\Cnd.Cache.Redis\Cnd.Cache.Redis.csproj", "{414ADDB3-3410-4A6D-BA22-70565349BBE1}"
EndProject
Project("{9A19103F-16F7-4668-BE54-9A1E7A4F7556}") = "Cnd.Core.ServiceLifetime", "src\core\Cnd.Core.ServiceLifetime\Cnd.Core.ServiceLifetime.csproj", "{BA38AFA5-68C2-4272-9A9A-3DB0725AFC9D}"
EndProject
Project("{2150E333-8FDC-42A3-9474-1A3956D46DE8}") = "web", "web", "{C6444277-BDA9-4C8E-96B4-62F65D11843F}"
EndProject
Project("{2150E333-8FDC-42A3-9474-1A3956D46DE8}") = "mvc", "mvc", "{E618987C-5FF6-4E8F-8E86-F30825225ECF}"
EndProject
Project("{2150E333-8FDC-42A3-9474-1A3956D46DE8}") = "common", "common", "{03B874F4-0F6E-43B0-8388-A64FD02646A2}"
EndProject
Project("{9A19103F-16F7-4668-BE54-9A1E7A4F7556}") = "Cnd.Core.Serialization.Abstractions", "src\core\Cnd.Core.Serialization.Abstractions\Cnd.Core.Serialization.Abstractions.csproj", "{65E6FC38-8D1E-41AF-97A6-C437134D949F}"
EndProject
Project("{9A19103F-16F7-4668-BE54-9A1E7A4F7556}") = "Cnd.Core.Serialization.NewstonSoftJson", "src\core\Cnd.Core.Serialization.NewstonSoftJson\Cnd.Core.Serialization.NewstonSoftJson.csproj", "{C5AB0D35-77C7-454A-8A36-E5E78B178187}"
EndProject
Project("{9A19103F-16F7-4668-BE54-9A1E7A4F7556}") = "Cnd.Core.Serialization.MicrosoftJson", "src\core\Cnd.Core.Serialization.MicrosoftJson\Cnd.Core.Serialization.MicrosoftJson.csproj", "{8C6BCE5D-8A1F-44AF-92A2-61DC1F3A882D}"
EndProject
Project("{2150E333-8FDC-42A3-9474-1A3956D46DE8}") = "api", "api", "{A96E1C86-E505-4F1C-B758-462AC15719B7}"
EndProject
Project("{FAE04EC0-301F-11D3-BF4B-00C04F79EFBC}") = "Cnd.Sandbox.Api.Playground", "sandbox\api\Cnd.Sandbox.Api.Playground\Cnd.Sandbox.Api.Playground.csproj", "{23421EAE-9C75-4E22-862D-AC8D982E8254}"
EndProject
Project("{FAE04EC0-301F-11D3-BF4B-00C04F79EFBC}") = "Cnd.Sandbox.Api.YetAnotherPlayground", "sandbox\api\Cnd.Sandbox.Api.YetAnotherPlayground\Cnd.Sandbox.Api.YetAnotherPlayground.csproj", "{CC009FD6-2A91-4097-8860-34CA40097BFA}"
EndProject
Global
	GlobalSection(SolutionConfigurationPlatforms) = preSolution
		Debug|Any CPU = Debug|Any CPU
		Debug|x64 = Debug|x64
		Debug|x86 = Debug|x86
		Release|Any CPU = Release|Any CPU
		Release|x64 = Release|x64
		Release|x86 = Release|x86
	EndGlobalSection
	GlobalSection(ProjectConfigurationPlatforms) = postSolution
		{823D9A04-1A12-415D-98A9-E341A813023F}.Debug|Any CPU.ActiveCfg = Debug|Any CPU
		{823D9A04-1A12-415D-98A9-E341A813023F}.Debug|Any CPU.Build.0 = Debug|Any CPU
		{823D9A04-1A12-415D-98A9-E341A813023F}.Debug|x64.ActiveCfg = Debug|Any CPU
		{823D9A04-1A12-415D-98A9-E341A813023F}.Debug|x64.Build.0 = Debug|Any CPU
		{823D9A04-1A12-415D-98A9-E341A813023F}.Debug|x86.ActiveCfg = Debug|Any CPU
		{823D9A04-1A12-415D-98A9-E341A813023F}.Debug|x86.Build.0 = Debug|Any CPU
		{823D9A04-1A12-415D-98A9-E341A813023F}.Release|Any CPU.ActiveCfg = Release|Any CPU
		{823D9A04-1A12-415D-98A9-E341A813023F}.Release|Any CPU.Build.0 = Release|Any CPU
		{823D9A04-1A12-415D-98A9-E341A813023F}.Release|x64.ActiveCfg = Release|Any CPU
		{823D9A04-1A12-415D-98A9-E341A813023F}.Release|x64.Build.0 = Release|Any CPU
		{823D9A04-1A12-415D-98A9-E341A813023F}.Release|x86.ActiveCfg = Release|Any CPU
		{823D9A04-1A12-415D-98A9-E341A813023F}.Release|x86.Build.0 = Release|Any CPU
		{7F32F579-47B8-48FD-A1B9-64F22CE13BCF}.Debug|Any CPU.ActiveCfg = Debug|Any CPU
		{7F32F579-47B8-48FD-A1B9-64F22CE13BCF}.Debug|Any CPU.Build.0 = Debug|Any CPU
		{7F32F579-47B8-48FD-A1B9-64F22CE13BCF}.Debug|x64.ActiveCfg = Debug|Any CPU
		{7F32F579-47B8-48FD-A1B9-64F22CE13BCF}.Debug|x64.Build.0 = Debug|Any CPU
		{7F32F579-47B8-48FD-A1B9-64F22CE13BCF}.Debug|x86.ActiveCfg = Debug|Any CPU
		{7F32F579-47B8-48FD-A1B9-64F22CE13BCF}.Debug|x86.Build.0 = Debug|Any CPU
		{7F32F579-47B8-48FD-A1B9-64F22CE13BCF}.Release|Any CPU.ActiveCfg = Release|Any CPU
		{7F32F579-47B8-48FD-A1B9-64F22CE13BCF}.Release|Any CPU.Build.0 = Release|Any CPU
		{7F32F579-47B8-48FD-A1B9-64F22CE13BCF}.Release|x64.ActiveCfg = Release|Any CPU
		{7F32F579-47B8-48FD-A1B9-64F22CE13BCF}.Release|x64.Build.0 = Release|Any CPU
		{7F32F579-47B8-48FD-A1B9-64F22CE13BCF}.Release|x86.ActiveCfg = Release|Any CPU
		{7F32F579-47B8-48FD-A1B9-64F22CE13BCF}.Release|x86.Build.0 = Release|Any CPU
		{C1B2B3F2-EB53-41D4-942E-5A7EA19D4C45}.Debug|Any CPU.ActiveCfg = Debug|Any CPU
		{C1B2B3F2-EB53-41D4-942E-5A7EA19D4C45}.Debug|Any CPU.Build.0 = Debug|Any CPU
		{C1B2B3F2-EB53-41D4-942E-5A7EA19D4C45}.Debug|x64.ActiveCfg = Debug|Any CPU
		{C1B2B3F2-EB53-41D4-942E-5A7EA19D4C45}.Debug|x64.Build.0 = Debug|Any CPU
		{C1B2B3F2-EB53-41D4-942E-5A7EA19D4C45}.Debug|x86.ActiveCfg = Debug|Any CPU
		{C1B2B3F2-EB53-41D4-942E-5A7EA19D4C45}.Debug|x86.Build.0 = Debug|Any CPU
		{C1B2B3F2-EB53-41D4-942E-5A7EA19D4C45}.Release|Any CPU.ActiveCfg = Release|Any CPU
		{C1B2B3F2-EB53-41D4-942E-5A7EA19D4C45}.Release|Any CPU.Build.0 = Release|Any CPU
		{C1B2B3F2-EB53-41D4-942E-5A7EA19D4C45}.Release|x64.ActiveCfg = Release|Any CPU
		{C1B2B3F2-EB53-41D4-942E-5A7EA19D4C45}.Release|x64.Build.0 = Release|Any CPU
		{C1B2B3F2-EB53-41D4-942E-5A7EA19D4C45}.Release|x86.ActiveCfg = Release|Any CPU
		{C1B2B3F2-EB53-41D4-942E-5A7EA19D4C45}.Release|x86.Build.0 = Release|Any CPU
		{4A637596-3CE4-4F68-BB66-06B644B26436}.Debug|Any CPU.ActiveCfg = Debug|Any CPU
		{4A637596-3CE4-4F68-BB66-06B644B26436}.Debug|Any CPU.Build.0 = Debug|Any CPU
		{4A637596-3CE4-4F68-BB66-06B644B26436}.Debug|x64.ActiveCfg = Debug|Any CPU
		{4A637596-3CE4-4F68-BB66-06B644B26436}.Debug|x64.Build.0 = Debug|Any CPU
		{4A637596-3CE4-4F68-BB66-06B644B26436}.Debug|x86.ActiveCfg = Debug|Any CPU
		{4A637596-3CE4-4F68-BB66-06B644B26436}.Debug|x86.Build.0 = Debug|Any CPU
		{4A637596-3CE4-4F68-BB66-06B644B26436}.Release|Any CPU.ActiveCfg = Release|Any CPU
		{4A637596-3CE4-4F68-BB66-06B644B26436}.Release|Any CPU.Build.0 = Release|Any CPU
		{4A637596-3CE4-4F68-BB66-06B644B26436}.Release|x64.ActiveCfg = Release|Any CPU
		{4A637596-3CE4-4F68-BB66-06B644B26436}.Release|x64.Build.0 = Release|Any CPU
		{4A637596-3CE4-4F68-BB66-06B644B26436}.Release|x86.ActiveCfg = Release|Any CPU
		{4A637596-3CE4-4F68-BB66-06B644B26436}.Release|x86.Build.0 = Release|Any CPU
		{414ADDB3-3410-4A6D-BA22-70565349BBE1}.Debug|Any CPU.ActiveCfg = Debug|Any CPU
		{414ADDB3-3410-4A6D-BA22-70565349BBE1}.Debug|Any CPU.Build.0 = Debug|Any CPU
		{414ADDB3-3410-4A6D-BA22-70565349BBE1}.Debug|x64.ActiveCfg = Debug|Any CPU
		{414ADDB3-3410-4A6D-BA22-70565349BBE1}.Debug|x64.Build.0 = Debug|Any CPU
		{414ADDB3-3410-4A6D-BA22-70565349BBE1}.Debug|x86.ActiveCfg = Debug|Any CPU
		{414ADDB3-3410-4A6D-BA22-70565349BBE1}.Debug|x86.Build.0 = Debug|Any CPU
		{414ADDB3-3410-4A6D-BA22-70565349BBE1}.Release|Any CPU.ActiveCfg = Release|Any CPU
		{414ADDB3-3410-4A6D-BA22-70565349BBE1}.Release|Any CPU.Build.0 = Release|Any CPU
		{414ADDB3-3410-4A6D-BA22-70565349BBE1}.Release|x64.ActiveCfg = Release|Any CPU
		{414ADDB3-3410-4A6D-BA22-70565349BBE1}.Release|x64.Build.0 = Release|Any CPU
		{414ADDB3-3410-4A6D-BA22-70565349BBE1}.Release|x86.ActiveCfg = Release|Any CPU
		{414ADDB3-3410-4A6D-BA22-70565349BBE1}.Release|x86.Build.0 = Release|Any CPU
		{BA38AFA5-68C2-4272-9A9A-3DB0725AFC9D}.Debug|Any CPU.ActiveCfg = Debug|Any CPU
		{BA38AFA5-68C2-4272-9A9A-3DB0725AFC9D}.Debug|Any CPU.Build.0 = Debug|Any CPU
		{BA38AFA5-68C2-4272-9A9A-3DB0725AFC9D}.Debug|x64.ActiveCfg = Debug|Any CPU
		{BA38AFA5-68C2-4272-9A9A-3DB0725AFC9D}.Debug|x64.Build.0 = Debug|Any CPU
		{BA38AFA5-68C2-4272-9A9A-3DB0725AFC9D}.Debug|x86.ActiveCfg = Debug|Any CPU
		{BA38AFA5-68C2-4272-9A9A-3DB0725AFC9D}.Debug|x86.Build.0 = Debug|Any CPU
		{BA38AFA5-68C2-4272-9A9A-3DB0725AFC9D}.Release|Any CPU.ActiveCfg = Release|Any CPU
		{BA38AFA5-68C2-4272-9A9A-3DB0725AFC9D}.Release|Any CPU.Build.0 = Release|Any CPU
		{BA38AFA5-68C2-4272-9A9A-3DB0725AFC9D}.Release|x64.ActiveCfg = Release|Any CPU
		{BA38AFA5-68C2-4272-9A9A-3DB0725AFC9D}.Release|x64.Build.0 = Release|Any CPU
		{BA38AFA5-68C2-4272-9A9A-3DB0725AFC9D}.Release|x86.ActiveCfg = Release|Any CPU
		{BA38AFA5-68C2-4272-9A9A-3DB0725AFC9D}.Release|x86.Build.0 = Release|Any CPU
		{42BADE33-7025-4EEC-A83E-449931454B7D}.Debug|Any CPU.ActiveCfg = Debug|Any CPU
		{42BADE33-7025-4EEC-A83E-449931454B7D}.Debug|Any CPU.Build.0 = Debug|Any CPU
		{42BADE33-7025-4EEC-A83E-449931454B7D}.Debug|x64.ActiveCfg = Debug|Any CPU
		{42BADE33-7025-4EEC-A83E-449931454B7D}.Debug|x64.Build.0 = Debug|Any CPU
		{42BADE33-7025-4EEC-A83E-449931454B7D}.Debug|x86.ActiveCfg = Debug|Any CPU
		{42BADE33-7025-4EEC-A83E-449931454B7D}.Debug|x86.Build.0 = Debug|Any CPU
		{42BADE33-7025-4EEC-A83E-449931454B7D}.Release|Any CPU.ActiveCfg = Release|Any CPU
		{42BADE33-7025-4EEC-A83E-449931454B7D}.Release|Any CPU.Build.0 = Release|Any CPU
		{42BADE33-7025-4EEC-A83E-449931454B7D}.Release|x64.ActiveCfg = Release|Any CPU
		{42BADE33-7025-4EEC-A83E-449931454B7D}.Release|x64.Build.0 = Release|Any CPU
		{42BADE33-7025-4EEC-A83E-449931454B7D}.Release|x86.ActiveCfg = Release|Any CPU
		{42BADE33-7025-4EEC-A83E-449931454B7D}.Release|x86.Build.0 = Release|Any CPU
		{B6F6EFCC-0A22-4CB7-B7CD-6C7902899F04}.Debug|Any CPU.ActiveCfg = Debug|Any CPU
		{B6F6EFCC-0A22-4CB7-B7CD-6C7902899F04}.Debug|Any CPU.Build.0 = Debug|Any CPU
		{B6F6EFCC-0A22-4CB7-B7CD-6C7902899F04}.Debug|x64.ActiveCfg = Debug|Any CPU
		{B6F6EFCC-0A22-4CB7-B7CD-6C7902899F04}.Debug|x64.Build.0 = Debug|Any CPU
		{B6F6EFCC-0A22-4CB7-B7CD-6C7902899F04}.Debug|x86.ActiveCfg = Debug|Any CPU
		{B6F6EFCC-0A22-4CB7-B7CD-6C7902899F04}.Debug|x86.Build.0 = Debug|Any CPU
		{B6F6EFCC-0A22-4CB7-B7CD-6C7902899F04}.Release|Any CPU.ActiveCfg = Release|Any CPU
		{B6F6EFCC-0A22-4CB7-B7CD-6C7902899F04}.Release|Any CPU.Build.0 = Release|Any CPU
		{B6F6EFCC-0A22-4CB7-B7CD-6C7902899F04}.Release|x64.ActiveCfg = Release|Any CPU
		{B6F6EFCC-0A22-4CB7-B7CD-6C7902899F04}.Release|x64.Build.0 = Release|Any CPU
		{B6F6EFCC-0A22-4CB7-B7CD-6C7902899F04}.Release|x86.ActiveCfg = Release|Any CPU
		{B6F6EFCC-0A22-4CB7-B7CD-6C7902899F04}.Release|x86.Build.0 = Release|Any CPU
		{30056689-3229-4F88-8FFB-3B3BBFC7F2E0}.Debug|Any CPU.ActiveCfg = Debug|Any CPU
		{30056689-3229-4F88-8FFB-3B3BBFC7F2E0}.Debug|Any CPU.Build.0 = Debug|Any CPU
		{30056689-3229-4F88-8FFB-3B3BBFC7F2E0}.Debug|x64.ActiveCfg = Debug|Any CPU
		{30056689-3229-4F88-8FFB-3B3BBFC7F2E0}.Debug|x64.Build.0 = Debug|Any CPU
		{30056689-3229-4F88-8FFB-3B3BBFC7F2E0}.Debug|x86.ActiveCfg = Debug|Any CPU
		{30056689-3229-4F88-8FFB-3B3BBFC7F2E0}.Debug|x86.Build.0 = Debug|Any CPU
		{30056689-3229-4F88-8FFB-3B3BBFC7F2E0}.Release|Any CPU.ActiveCfg = Release|Any CPU
		{30056689-3229-4F88-8FFB-3B3BBFC7F2E0}.Release|Any CPU.Build.0 = Release|Any CPU
		{30056689-3229-4F88-8FFB-3B3BBFC7F2E0}.Release|x64.ActiveCfg = Release|Any CPU
		{30056689-3229-4F88-8FFB-3B3BBFC7F2E0}.Release|x64.Build.0 = Release|Any CPU
		{30056689-3229-4F88-8FFB-3B3BBFC7F2E0}.Release|x86.ActiveCfg = Release|Any CPU
		{30056689-3229-4F88-8FFB-3B3BBFC7F2E0}.Release|x86.Build.0 = Release|Any CPU
		{00C0A84D-B239-4747-BB0B-A8316FC4D8DF}.Debug|Any CPU.ActiveCfg = Debug|Any CPU
		{00C0A84D-B239-4747-BB0B-A8316FC4D8DF}.Debug|Any CPU.Build.0 = Debug|Any CPU
		{00C0A84D-B239-4747-BB0B-A8316FC4D8DF}.Debug|x64.ActiveCfg = Debug|Any CPU
		{00C0A84D-B239-4747-BB0B-A8316FC4D8DF}.Debug|x64.Build.0 = Debug|Any CPU
		{00C0A84D-B239-4747-BB0B-A8316FC4D8DF}.Debug|x86.ActiveCfg = Debug|Any CPU
		{00C0A84D-B239-4747-BB0B-A8316FC4D8DF}.Debug|x86.Build.0 = Debug|Any CPU
		{00C0A84D-B239-4747-BB0B-A8316FC4D8DF}.Release|Any CPU.ActiveCfg = Release|Any CPU
		{00C0A84D-B239-4747-BB0B-A8316FC4D8DF}.Release|Any CPU.Build.0 = Release|Any CPU
		{00C0A84D-B239-4747-BB0B-A8316FC4D8DF}.Release|x64.ActiveCfg = Release|Any CPU
		{00C0A84D-B239-4747-BB0B-A8316FC4D8DF}.Release|x64.Build.0 = Release|Any CPU
		{00C0A84D-B239-4747-BB0B-A8316FC4D8DF}.Release|x86.ActiveCfg = Release|Any CPU
		{00C0A84D-B239-4747-BB0B-A8316FC4D8DF}.Release|x86.Build.0 = Release|Any CPU
		{FF2E2D22-3248-4503-900C-96ACDF8B4611}.Debug|Any CPU.ActiveCfg = Debug|Any CPU
		{FF2E2D22-3248-4503-900C-96ACDF8B4611}.Debug|Any CPU.Build.0 = Debug|Any CPU
		{FF2E2D22-3248-4503-900C-96ACDF8B4611}.Debug|x64.ActiveCfg = Debug|Any CPU
		{FF2E2D22-3248-4503-900C-96ACDF8B4611}.Debug|x64.Build.0 = Debug|Any CPU
		{FF2E2D22-3248-4503-900C-96ACDF8B4611}.Debug|x86.ActiveCfg = Debug|Any CPU
		{FF2E2D22-3248-4503-900C-96ACDF8B4611}.Debug|x86.Build.0 = Debug|Any CPU
		{FF2E2D22-3248-4503-900C-96ACDF8B4611}.Release|Any CPU.ActiveCfg = Release|Any CPU
		{FF2E2D22-3248-4503-900C-96ACDF8B4611}.Release|Any CPU.Build.0 = Release|Any CPU
		{FF2E2D22-3248-4503-900C-96ACDF8B4611}.Release|x64.ActiveCfg = Release|Any CPU
		{FF2E2D22-3248-4503-900C-96ACDF8B4611}.Release|x64.Build.0 = Release|Any CPU
		{FF2E2D22-3248-4503-900C-96ACDF8B4611}.Release|x86.ActiveCfg = Release|Any CPU
		{FF2E2D22-3248-4503-900C-96ACDF8B4611}.Release|x86.Build.0 = Release|Any CPU
		{EC7CA3E5-17D4-47F4-A4EC-EEB0E50461EE}.Debug|Any CPU.ActiveCfg = Debug|Any CPU
		{EC7CA3E5-17D4-47F4-A4EC-EEB0E50461EE}.Debug|Any CPU.Build.0 = Debug|Any CPU
		{EC7CA3E5-17D4-47F4-A4EC-EEB0E50461EE}.Debug|x64.ActiveCfg = Debug|Any CPU
		{EC7CA3E5-17D4-47F4-A4EC-EEB0E50461EE}.Debug|x64.Build.0 = Debug|Any CPU
		{EC7CA3E5-17D4-47F4-A4EC-EEB0E50461EE}.Debug|x86.ActiveCfg = Debug|Any CPU
		{EC7CA3E5-17D4-47F4-A4EC-EEB0E50461EE}.Debug|x86.Build.0 = Debug|Any CPU
		{EC7CA3E5-17D4-47F4-A4EC-EEB0E50461EE}.Release|Any CPU.ActiveCfg = Release|Any CPU
		{EC7CA3E5-17D4-47F4-A4EC-EEB0E50461EE}.Release|Any CPU.Build.0 = Release|Any CPU
		{EC7CA3E5-17D4-47F4-A4EC-EEB0E50461EE}.Release|x64.ActiveCfg = Release|Any CPU
		{EC7CA3E5-17D4-47F4-A4EC-EEB0E50461EE}.Release|x64.Build.0 = Release|Any CPU
		{EC7CA3E5-17D4-47F4-A4EC-EEB0E50461EE}.Release|x86.ActiveCfg = Release|Any CPU
		{EC7CA3E5-17D4-47F4-A4EC-EEB0E50461EE}.Release|x86.Build.0 = Release|Any CPU
		{65E6FC38-8D1E-41AF-97A6-C437134D949F}.Debug|Any CPU.ActiveCfg = Debug|Any CPU
		{65E6FC38-8D1E-41AF-97A6-C437134D949F}.Debug|Any CPU.Build.0 = Debug|Any CPU
		{65E6FC38-8D1E-41AF-97A6-C437134D949F}.Debug|x64.ActiveCfg = Debug|Any CPU
		{65E6FC38-8D1E-41AF-97A6-C437134D949F}.Debug|x64.Build.0 = Debug|Any CPU
		{65E6FC38-8D1E-41AF-97A6-C437134D949F}.Debug|x86.ActiveCfg = Debug|Any CPU
		{65E6FC38-8D1E-41AF-97A6-C437134D949F}.Debug|x86.Build.0 = Debug|Any CPU
		{65E6FC38-8D1E-41AF-97A6-C437134D949F}.Release|Any CPU.ActiveCfg = Release|Any CPU
		{65E6FC38-8D1E-41AF-97A6-C437134D949F}.Release|Any CPU.Build.0 = Release|Any CPU
		{65E6FC38-8D1E-41AF-97A6-C437134D949F}.Release|x64.ActiveCfg = Release|Any CPU
		{65E6FC38-8D1E-41AF-97A6-C437134D949F}.Release|x64.Build.0 = Release|Any CPU
		{65E6FC38-8D1E-41AF-97A6-C437134D949F}.Release|x86.ActiveCfg = Release|Any CPU
		{65E6FC38-8D1E-41AF-97A6-C437134D949F}.Release|x86.Build.0 = Release|Any CPU
		{C5AB0D35-77C7-454A-8A36-E5E78B178187}.Debug|Any CPU.ActiveCfg = Debug|Any CPU
		{C5AB0D35-77C7-454A-8A36-E5E78B178187}.Debug|Any CPU.Build.0 = Debug|Any CPU
		{C5AB0D35-77C7-454A-8A36-E5E78B178187}.Debug|x64.ActiveCfg = Debug|Any CPU
		{C5AB0D35-77C7-454A-8A36-E5E78B178187}.Debug|x64.Build.0 = Debug|Any CPU
		{C5AB0D35-77C7-454A-8A36-E5E78B178187}.Debug|x86.ActiveCfg = Debug|Any CPU
		{C5AB0D35-77C7-454A-8A36-E5E78B178187}.Debug|x86.Build.0 = Debug|Any CPU
		{C5AB0D35-77C7-454A-8A36-E5E78B178187}.Release|Any CPU.ActiveCfg = Release|Any CPU
		{C5AB0D35-77C7-454A-8A36-E5E78B178187}.Release|Any CPU.Build.0 = Release|Any CPU
		{C5AB0D35-77C7-454A-8A36-E5E78B178187}.Release|x64.ActiveCfg = Release|Any CPU
		{C5AB0D35-77C7-454A-8A36-E5E78B178187}.Release|x64.Build.0 = Release|Any CPU
		{C5AB0D35-77C7-454A-8A36-E5E78B178187}.Release|x86.ActiveCfg = Release|Any CPU
		{C5AB0D35-77C7-454A-8A36-E5E78B178187}.Release|x86.Build.0 = Release|Any CPU
		{8C6BCE5D-8A1F-44AF-92A2-61DC1F3A882D}.Debug|Any CPU.ActiveCfg = Debug|Any CPU
		{8C6BCE5D-8A1F-44AF-92A2-61DC1F3A882D}.Debug|Any CPU.Build.0 = Debug|Any CPU
		{8C6BCE5D-8A1F-44AF-92A2-61DC1F3A882D}.Debug|x64.ActiveCfg = Debug|Any CPU
		{8C6BCE5D-8A1F-44AF-92A2-61DC1F3A882D}.Debug|x64.Build.0 = Debug|Any CPU
		{8C6BCE5D-8A1F-44AF-92A2-61DC1F3A882D}.Debug|x86.ActiveCfg = Debug|Any CPU
		{8C6BCE5D-8A1F-44AF-92A2-61DC1F3A882D}.Debug|x86.Build.0 = Debug|Any CPU
		{8C6BCE5D-8A1F-44AF-92A2-61DC1F3A882D}.Release|Any CPU.ActiveCfg = Release|Any CPU
		{8C6BCE5D-8A1F-44AF-92A2-61DC1F3A882D}.Release|Any CPU.Build.0 = Release|Any CPU
		{8C6BCE5D-8A1F-44AF-92A2-61DC1F3A882D}.Release|x64.ActiveCfg = Release|Any CPU
		{8C6BCE5D-8A1F-44AF-92A2-61DC1F3A882D}.Release|x64.Build.0 = Release|Any CPU
		{8C6BCE5D-8A1F-44AF-92A2-61DC1F3A882D}.Release|x86.ActiveCfg = Release|Any CPU
		{8C6BCE5D-8A1F-44AF-92A2-61DC1F3A882D}.Release|x86.Build.0 = Release|Any CPU
		{23421EAE-9C75-4E22-862D-AC8D982E8254}.Debug|Any CPU.ActiveCfg = Debug|Any CPU
		{23421EAE-9C75-4E22-862D-AC8D982E8254}.Debug|Any CPU.Build.0 = Debug|Any CPU
		{23421EAE-9C75-4E22-862D-AC8D982E8254}.Debug|x64.ActiveCfg = Debug|Any CPU
		{23421EAE-9C75-4E22-862D-AC8D982E8254}.Debug|x64.Build.0 = Debug|Any CPU
		{23421EAE-9C75-4E22-862D-AC8D982E8254}.Debug|x86.ActiveCfg = Debug|Any CPU
		{23421EAE-9C75-4E22-862D-AC8D982E8254}.Debug|x86.Build.0 = Debug|Any CPU
		{23421EAE-9C75-4E22-862D-AC8D982E8254}.Release|Any CPU.ActiveCfg = Release|Any CPU
		{23421EAE-9C75-4E22-862D-AC8D982E8254}.Release|Any CPU.Build.0 = Release|Any CPU
		{23421EAE-9C75-4E22-862D-AC8D982E8254}.Release|x64.ActiveCfg = Release|Any CPU
		{23421EAE-9C75-4E22-862D-AC8D982E8254}.Release|x64.Build.0 = Release|Any CPU
		{23421EAE-9C75-4E22-862D-AC8D982E8254}.Release|x86.ActiveCfg = Release|Any CPU
		{23421EAE-9C75-4E22-862D-AC8D982E8254}.Release|x86.Build.0 = Release|Any CPU
		{CC009FD6-2A91-4097-8860-34CA40097BFA}.Debug|Any CPU.ActiveCfg = Debug|Any CPU
		{CC009FD6-2A91-4097-8860-34CA40097BFA}.Debug|Any CPU.Build.0 = Debug|Any CPU
		{CC009FD6-2A91-4097-8860-34CA40097BFA}.Debug|x64.ActiveCfg = Debug|Any CPU
		{CC009FD6-2A91-4097-8860-34CA40097BFA}.Debug|x64.Build.0 = Debug|Any CPU
		{CC009FD6-2A91-4097-8860-34CA40097BFA}.Debug|x86.ActiveCfg = Debug|Any CPU
		{CC009FD6-2A91-4097-8860-34CA40097BFA}.Debug|x86.Build.0 = Debug|Any CPU
		{CC009FD6-2A91-4097-8860-34CA40097BFA}.Release|Any CPU.ActiveCfg = Release|Any CPU
		{CC009FD6-2A91-4097-8860-34CA40097BFA}.Release|Any CPU.Build.0 = Release|Any CPU
		{CC009FD6-2A91-4097-8860-34CA40097BFA}.Release|x64.ActiveCfg = Release|Any CPU
		{CC009FD6-2A91-4097-8860-34CA40097BFA}.Release|x64.Build.0 = Release|Any CPU
		{CC009FD6-2A91-4097-8860-34CA40097BFA}.Release|x86.ActiveCfg = Release|Any CPU
		{CC009FD6-2A91-4097-8860-34CA40097BFA}.Release|x86.Build.0 = Release|Any CPU
	EndGlobalSection
	GlobalSection(SolutionProperties) = preSolution
		HideSolutionNode = FALSE
	EndGlobalSection
	GlobalSection(NestedProjects) = preSolution
		{A30DFB17-5586-4F5D-A387-09E48655B727} = {0EBE08BF-6E4D-4933-9A90-D589F2EEC037}
		{823D9A04-1A12-415D-98A9-E341A813023F} = {A30DFB17-5586-4F5D-A387-09E48655B727}
		{AC09A7F5-8D0B-4A64-9644-DB56F6CD22C0} = {44E16328-C48C-4F6F-8B9B-79FA0E484CA1}
		{F8410D8E-BE10-4E35-8833-0993F77EA1F9} = {44E16328-C48C-4F6F-8B9B-79FA0E484CA1}
		{558D6CF8-62E5-423F-B0D5-EF404D82BEAD} = {0EBE08BF-6E4D-4933-9A90-D589F2EEC037}
		{7F32F579-47B8-48FD-A1B9-64F22CE13BCF} = {558D6CF8-62E5-423F-B0D5-EF404D82BEAD}
		{C1B2B3F2-EB53-41D4-942E-5A7EA19D4C45} = {558D6CF8-62E5-423F-B0D5-EF404D82BEAD}
		{DF56C7DB-E8E3-453A-929E-689E0893B2EC} = {4EB23504-0385-4D71-961C-9389CBB05236}
		{4A637596-3CE4-4F68-BB66-06B644B26436} = {DF56C7DB-E8E3-453A-929E-689E0893B2EC}
		{414ADDB3-3410-4A6D-BA22-70565349BBE1} = {558D6CF8-62E5-423F-B0D5-EF404D82BEAD}
		{BA38AFA5-68C2-4272-9A9A-3DB0725AFC9D} = {A30DFB17-5586-4F5D-A387-09E48655B727}
		{C6444277-BDA9-4C8E-96B4-62F65D11843F} = {0EBE08BF-6E4D-4933-9A90-D589F2EEC037}
		{E618987C-5FF6-4E8F-8E86-F30825225ECF} = {C6444277-BDA9-4C8E-96B4-62F65D11843F}
		{03B874F4-0F6E-43B0-8388-A64FD02646A2} = {C6444277-BDA9-4C8E-96B4-62F65D11843F}
		{65E6FC38-8D1E-41AF-97A6-C437134D949F} = {A30DFB17-5586-4F5D-A387-09E48655B727}
		{C5AB0D35-77C7-454A-8A36-E5E78B178187} = {A30DFB17-5586-4F5D-A387-09E48655B727}
		{8C6BCE5D-8A1F-44AF-92A2-61DC1F3A882D} = {A30DFB17-5586-4F5D-A387-09E48655B727}
		{A96E1C86-E505-4F1C-B758-462AC15719B7} = {4EB23504-0385-4D71-961C-9389CBB05236}
		{23421EAE-9C75-4E22-862D-AC8D982E8254} = {A96E1C86-E505-4F1C-B758-462AC15719B7}
		{CC009FD6-2A91-4097-8860-34CA40097BFA} = {A96E1C86-E505-4F1C-B758-462AC15719B7}
	EndGlobalSection
	GlobalSection(ExtensibilityGlobals) = postSolution
		SolutionGuid = {D9141EA3-C24E-4A73-A146-E34F60B70F8D}
	EndGlobalSection
EndGlobal
